
Microsoft Visual Studio Solution File, Format Version 12.00
# Visual Studio 15
VisualStudioVersion = 15.0.28307.329
MinimumVisualStudioVersion = 10.0.40219.1
Project("{FAE04EC0-301F-11D3-BF4B-00C04F79EFBC}") = "SimbirSoftDD-c-Study", "SimbirSoftDD-c-Study\SimbirSoftDD-c-Study.csproj", "{405CD117-836F-4ECD-A42B-847224AABC64}"
EndProject
Global
	GlobalSection(SolutionConfigurationPlatforms) = preSolution
		Debug|Any CPU = Debug|Any CPU
		Release|Any CPU = Release|Any CPU
	EndGlobalSection
	GlobalSection(ProjectConfigurationPlatforms) = postSolution
		{405CD117-836F-4ECD-A42B-847224AABC64}.Debug|Any CPU.ActiveCfg = Debug|Any CPU
		{405CD117-836F-4ECD-A42B-847224AABC64}.Debug|Any CPU.Build.0 = Debug|Any CPU
		{405CD117-836F-4ECD-A42B-847224AABC64}.Release|Any CPU.ActiveCfg = Release|Any CPU
		{405CD117-836F-4ECD-A42B-847224AABC64}.Release|Any CPU.Build.0 = Release|Any CPU
	EndGlobalSection
	GlobalSection(SolutionProperties) = preSolution
		HideSolutionNode = FALSE
	EndGlobalSection
	GlobalSection(ExtensibilityGlobals) = postSolution
		SolutionGuid = {009DBB74-8C1A-4504-89BD-E08A81898F27}
	EndGlobalSection
EndGlobal
